lockfileVersion: '9.0'

settings:
  autoInstallPeers: true
  excludeLinksFromLockfile: false

importers:

  .:
    dependencies:
      '@silvermine/videojs-chromecast':
        specifier: ^1.4.1
        version: 1.4.1(video.js@7.21.5)
      graphql:
        specifier: ^16.8.1
        version: 16.8.1
      graphql-request:
        specifier: ^5.2.0
        version: 5.2.0(graphql@16.8.1)
      ua-parser-js:
        specifier: ^1.0.36
        version: 1.0.36
      video.js:
        specifier: ^7.21.5
        version: 7.21.5
      videojs-contrib-quality-levels:
        specifier: ^2.2.1
        version: 2.2.1(video.js@7.21.5)
      videojs-event-tracking:
        specifier: ^1.0.3
        version: 1.0.3
      videojs-mux:
        specifier: ^4.16.2
        version: 4.16.2
      youbora-adapter-videojs:
        specifier: ^6.8.14
        version: 6.8.14
      youboralib:
        specifier: ^6.8.50
        version: 6.8.50
    devDependencies:
      '@types/node':
        specifier: ^18.18.4
        version: 18.18.4
      '@types/ua-parser-js':
        specifier: ^0.7.37
        version: 0.7.37
      '@types/video.js':
        specifier: ^7.3.53
        version: 7.3.53
      '@vitejs/plugin-vue':
        specifier: ^3.2.0
        version: 3.2.0(vite@3.2.11(@types/node@18.18.4)(sass@1.69.0))(vue@3.3.4)
      postcss:
        specifier: ^8.4.31
        version: 8.4.31
      prettier:
        specifier: ^2.8.8
        version: 2.8.8
      sass:
        specifier: ^1.69.0
        version: 1.69.0
      typescript:
        specifier: ^4.9.5
        version: 4.9.5
      vite:
        specifier: ^3.2.11
        version: 3.2.11(@types/node@18.18.4)(sass@1.69.0)
      vue:
        specifier: ^3.3.4
        version: 3.3.4
      vue-tsc:
        specifier: ^0.40.13
        version: 0.40.13(typescript@4.9.5)

packages:

  '@babel/helper-string-parser@7.22.5':
    resolution: {integrity: sha512-mM4COjgZox8U+JcXQwPijIZLElkgEpO5rsERVDJTc2qfCDfERyob6k5WegS14SX18IIjv+XD+GrqNumY5JRCDw==}
    engines: {node: '>=6.9.0'}

  '@babel/helper-validator-identifier@7.22.20':
    resolution: {integrity: sha512-Y4OZ+ytlatR8AI+8KZfKuL5urKp7qey08ha31L8b3BwewJAoJamTzyvxPR/5D+KkdJCGPq/+8TukHBlY10FX9A==}
    engines: {node: '>=6.9.0'}

  '@babel/parser@7.23.0':
    resolution: {integrity: sha512-vvPKKdMemU85V9WE/l5wZEmImpCtLqbnTvqDS2U1fJ96KrxoW7KrXhNsNCblQlg8Ck4b85yxdTyelsMUgFUXiw==}
    engines: {node: '>=6.0.0'}
    hasBin: true

  '@babel/runtime@7.23.1':
    resolution: {integrity: sha512-hC2v6p8ZSI/W0HUzh3V8C5g+NwSKzKPtJwSpTjwl0o297GP9+ZLQSkdvHz46CM3LqyoXxq+5G9komY+eSqSO0g==}
    engines: {node: '>=6.9.0'}

  '@babel/types@7.23.0':
    resolution: {integrity: sha512-0oIyUfKoI3mSqMvsxBdclDwxXKXAUA8v/apZbc+iSyARYou1o8ZGDxbUYyLFoW2arqS2jDGqJuZvv1d/io1axg==}
    engines: {node: '>=6.9.0'}

  '@esbuild/android-arm@0.15.18':
    resolution: {integrity: sha512-5GT+kcs2WVGjVs7+boataCkO5Fg0y4kCjzkB5bAip7H4jfnOS3dA6KPiww9W1OEKTKeAcUVhdZGvgI65OXmUnw==}
    engines: {node: '>=12'}
    cpu: [arm]
    os: [android]

  '@esbuild/linux-loong64@0.15.18':
    resolution: {integrity: sha512-L4jVKS82XVhw2nvzLg/19ClLWg0y27ulRwuP7lcyL6AbUWB5aPglXY3M21mauDQMDfRLs8cQmeT03r/+X3cZYQ==}
    engines: {node: '>=12'}
    cpu: [loong64]
    os: [linux]

  '@graphql-typed-document-node/core@3.2.0':
    resolution: {integrity: sha512-mB9oAsNCm9aM3/SOv4YtBMqZbYj10R7dkq8byBqxGY/ncFwhf2oQzMV+LCRlWoDSEBJ3COiR1yeDvMtsoOsuFQ==}
    peerDependencies:
      graphql: ^0.8.0 || ^0.9.0 || ^0.10.0 || ^0.11.0 || ^0.12.0 || ^0.13.0 || ^14.0.0 || ^15.0.0 || ^16.0.0 || ^17.0.0

  '@jridgewell/sourcemap-codec@1.4.15':
    resolution: {integrity: sha512-eF2rxCRulEKXHTRiDrDy6erMYWqNw4LPdQ8UQA4huuxaQsVeRPFl2oM8oDGxMFhJUWZf9McpLtJasDDZb/Bpeg==}

  '@silvermine/videojs-chromecast@1.4.1':
    resolution: {integrity: sha512-tXeikkWoNC3WIl2WSkIag1CLMbGsgn+26LM4LoB4qx0TQ8mkg7pgpldCTkvXxLVaDluQ/uEm2uxrgrMmjOc6sw==}
    peerDependencies:
      video.js: '>= 6 < 9'

  '@types/node@18.18.4':
    resolution: {integrity: sha512-t3rNFBgJRugIhackit2mVcLfF6IRc0JE4oeizPQL8Zrm8n2WY/0wOdpOPhdtG0V9Q2TlW/axbF1MJ6z+Yj/kKQ==}

  '@types/ua-parser-js@0.7.37':
    resolution: {integrity: sha512-4sOxS3ZWXC0uHJLYcWAaLMxTvjRX3hT96eF4YWUh1ovTaenvibaZOE5uXtIp4mksKMLRwo7YDiCBCw6vBiUPVg==}

  '@types/video.js@7.3.53':
    resolution: {integrity: sha512-pE3ozDRXEPs9ZC401IhN3XWDihJs2GUzEZVu/qq8IfryOIvg2U1i9LExo16y9FdP2ZV2WnZhM4klb+lP03PpeQ==}

  '@videojs/http-streaming@2.16.2':
    resolution: {integrity: sha512-etPTUdCFu7gUWc+1XcbiPr+lrhOcBu3rV5OL1M+3PDW89zskScAkkcdqYzP4pFodBPye/ydamQoTDScOnElw5A==}
    engines: {node: '>=8', npm: '>=5'}
    peerDependencies:
      video.js: ^6 || ^7

  '@videojs/vhs-utils@3.0.5':
    resolution: {integrity: sha512-PKVgdo8/GReqdx512F+ombhS+Bzogiofy1LgAj4tN8PfdBx3HSS7V5WfJotKTqtOWGwVfSWsrYN/t09/DSryrw==}
    engines: {node: '>=8', npm: '>=5'}

  '@videojs/xhr@2.6.0':
    resolution: {integrity: sha512-7J361GiN1tXpm+gd0xz2QWr3xNWBE+rytvo8J3KuggFaLg+U37gZQ2BuPLcnkfGffy2e+ozY70RHC8jt7zjA6Q==}

  '@vitejs/plugin-vue@3.2.0':
    resolution: {integrity: sha512-E0tnaL4fr+qkdCNxJ+Xd0yM31UwMkQje76fsDVBBUCoGOUPexu2VDUYHL8P4CwV+zMvWw6nlRw19OnRKmYAJpw==}
    engines: {node: ^14.18.0 || >=16.0.0}
    peerDependencies:
      vite: ^3.0.0
      vue: ^3.2.25

  '@volar/code-gen@0.40.13':
    resolution: {integrity: sha512-4gShBWuMce868OVvgyA1cU5WxHbjfEme18Tw6uVMfweZCF5fB2KECG0iPrA9D54vHk3FeHarODNwgIaaFfUBlA==}

  '@volar/source-map@0.40.13':
    resolution: {integrity: sha512-dbdkAB2Nxb0wLjAY5O64o3ywVWlAGONnBIoKAkXSf6qkGZM+nJxcizsoiI66K+RHQG0XqlyvjDizfnTxr+6PWg==}

  '@volar/typescript-faster@0.40.13':
    resolution: {integrity: sha512-uy+TlcFkKoNlKEnxA4x5acxdxLyVDIXGSc8cYDNXpPKjBKXrQaetzCzlO3kVBqu1VLMxKNGJMTKn35mo+ILQmw==}

  '@volar/vue-language-core@0.40.13':
    resolution: {integrity: sha512-QkCb8msi2KUitTdM6Y4kAb7/ZlEvuLcbBFOC2PLBlFuoZwyxvSP7c/dBGmKGtJlEvMX0LdCyrg5V2aBYxD38/Q==}

  '@volar/vue-typescript@0.40.13':
    resolution: {integrity: sha512-o7bNztwjs8JmbQjVkrnbZUOfm7q4B8ZYssETISN1tRaBdun6cfNqgpkvDYd+VUBh1O4CdksvN+5BUNnwAz4oCQ==}
    deprecated: 'WARNING: This project has been renamed to @vue/typescript. Install using @vue/typescript instead.'

  '@vue/compiler-core@3.3.4':
    resolution: {integrity: sha512-cquyDNvZ6jTbf/+x+AgM2Arrp6G4Dzbb0R64jiG804HRMfRiFXWI6kqUVqZ6ZR0bQhIoQjB4+2bhNtVwndW15g==}

  '@vue/compiler-dom@3.3.4':
    resolution: {integrity: sha512-wyM+OjOVpuUukIq6p5+nwHYtj9cFroz9cwkfmP9O1nzH68BenTTv0u7/ndggT8cIQlnBeOo6sUT/gvHcIkLA5w==}

  '@vue/compiler-sfc@3.3.4':
    resolution: {integrity: sha512-6y/d8uw+5TkCuzBkgLS0v3lSM3hJDntFEiUORM11pQ/hKvkhSKZrXW6i69UyXlJQisJxuUEJKAWEqWbWsLeNKQ==}

  '@vue/compiler-ssr@3.3.4':
    resolution: {integrity: sha512-m0v6oKpup2nMSehwA6Uuu+j+wEwcy7QmwMkVNVfrV9P2qE5KshC6RwOCq8fjGS/Eak/uNb8AaWekfiXxbBB6gQ==}

  '@vue/reactivity-transform@3.3.4':
    resolution: {integrity: sha512-MXgwjako4nu5WFLAjpBnCj/ieqcjE2aJBINUNQzkZQfzIZA4xn+0fV1tIYBJvvva3N3OvKGofRLvQIwEQPpaXw==}

  '@vue/reactivity@3.2.38':
    resolution: {integrity: sha512-6L4myYcH9HG2M25co7/BSo0skKFHpAN8PhkNPM4xRVkyGl1K5M3Jx4rp5bsYhvYze2K4+l+pioN4e6ZwFLUVtw==}

  '@vue/reactivity@3.3.4':
    resolution: {integrity: sha512-kLTDLwd0B1jG08NBF3R5rqULtv/f8x3rOFByTDz4J53ttIQEDmALqKqXY0J+XQeN0aV2FBxY8nJDf88yvOPAqQ==}

  '@vue/runtime-core@3.3.4':
    resolution: {integrity: sha512-R+bqxMN6pWO7zGI4OMlmvePOdP2c93GsHFM/siJI7O2nxFRzj55pLwkpCedEY+bTMgp5miZ8CxfIZo3S+gFqvA==}

  '@vue/runtime-dom@3.3.4':
    resolution: {integrity: sha512-Aj5bTJ3u5sFsUckRghsNjVTtxZQ1OyMWCr5dZRAPijF/0Vy4xEoRCwLyHXcj4D0UFbJ4lbx3gPTgg06K/GnPnQ==}

  '@vue/server-renderer@3.3.4':
    resolution: {integrity: sha512-Q6jDDzR23ViIb67v+vM1Dqntu+HUexQcsWKhhQa4ARVzxOY2HbC7QRW/ggkDBd5BU+uM1sV6XOAP0b216o34JQ==}
    peerDependencies:
      vue: 3.3.4

  '@vue/shared@3.2.38':
    resolution: {integrity: sha512-dTyhTIRmGXBjxJE+skC8tTWCGLCVc4wQgRRLt8+O9p5ewBAjoBwtCAkLPrtToSr1xltoe3st21Pv953aOZ7alg==}

  '@vue/shared@3.3.4':
    resolution: {integrity: sha512-7OjdcV8vQ74eiz1TZLzZP4JwqM5fA94K6yntPS5Z25r9HDuGNzaGdgvwKYq6S+MxwF0TFRwe50fIR/MYnakdkQ==}

  '@xmldom/xmldom@0.8.10':
    resolution: {integrity: sha512-2WALfTl4xo2SkGCYRt6rDTFfk9R1czmBvUQy12gK2KuRKIpWEhcbbzy8EZXtz/jkRqHX8bFEc6FC1HjX4TUWYw==}
    engines: {node: '>=10.0.0'}

  aes-decrypter@3.1.3:
    resolution: {integrity: sha512-VkG9g4BbhMBy+N5/XodDeV6F02chEk9IpgRTq/0bS80y4dzy79VH2Gtms02VXomf3HmyRe3yyJYkJ990ns+d6A==}

  anymatch@3.1.3:
    resolution: {integrity: sha512-KMReFUr0B4t+D+OBkjR3KYqvocp2XaSzO55UcB6mgQMd3KbcE+mWTyvVV7D/zsdEbNnV6acZUutkiHQXvTr1Rw==}
    engines: {node: '>= 8'}

  asynckit@0.4.0:
    resolution: {integrity: sha512-Oei9OH4tRh0YqU3GxhX79dM/mwVgvbZJaSNaRk+bshkj0S5cfHcgYakreBjrHwatXKbz+IoIdYLxrKim2MjW0Q==}

  binary-extensions@2.2.0:
    resolution: {integrity: sha512-jDctJ/IVQbZoJykoeHbhXpOlNBqGNcwXJKJog42E5HDPUwQTSdjCHdihjj0DlnheQ7blbT6dHOafNAiS8ooQKA==}
    engines: {node: '>=8'}

  braces@3.0.2:
    resolution: {integrity: sha512-b8um+L1RzM3WDSzvhm6gIz1yfTbBt6YTlcEKAvsmqCZZFw46z626lVj9j1yEPW33H5H+lBQpZMP1k8l+78Ha0A==}
    engines: {node: '>=8'}

  chokidar@3.5.3:
    resolution: {integrity: sha512-Dr3sfKRP6oTcjf2JmUmFJfeVMvXBdegxB0iVQ5eb2V10uFJUCAS8OByZdVAyVb8xXNz3GjjTgj9kLWsZTqE6kw==}
    engines: {node: '>= 8.10.0'}

  combined-stream@1.0.8:
    resolution: {integrity: sha512-FQN4MRfuJeHf7cBbBMJFXhKSDq+2kAArBlmRBvcvFE5BB1HZKXtSFASDhdlz9zOYwxh8lDdnvmMOe/+5cdoEdg==}
    engines: {node: '>= 0.8'}

  cross-fetch@3.1.8:
    resolution: {integrity: sha512-cvA+JwZoU0Xq+h6WkMvAUqPEYy92Obet6UdKLfW60qn99ftItKjB5T+BkyWOFWe2pUyfQ+IJHmpOTznqk1M6Kg==}

  csstype@3.1.2:
    resolution: {integrity: sha512-I7K1Uu0MBPzaFKg4nI5Q7Vs2t+3gWWW648spaF+Rg7pI9ds18Ugn+lvg4SHczUdKlHI5LWBXyqfS8+DufyBsgQ==}

  delayed-stream@1.0.0:
    resolution: {integrity: sha512-ZySD7Nf91aLB0RxL4KGrKHBXl7Eds1DAmEdcoVawXnLD7SDhpNgtuII2aAkg7a7QS41jxPSZ17p4VdGnMHk3MQ==}
    engines: {node: '>=0.4.0'}

  dom-walk@0.1.2:
    resolution: {integrity: sha512-6QvTW9mrGeIegrFXdtQi9pk7O/nSK6lSdXW2eqUspN5LWD7UTji2Fqw5V2YLjBpHEoU9Xl/eUWNpDeZvoyOv2w==}

  esbuild-android-64@0.15.18:
    resolution: {integrity: sha512-wnpt3OXRhcjfIDSZu9bnzT4/TNTDsOUvip0foZOUBG7QbSt//w3QV4FInVJxNhKc/ErhUxc5z4QjHtMi7/TbgA==}
    engines: {node: '>=12'}
    cpu: [x64]
    os: [android]

  esbuild-android-arm64@0.15.18:
    resolution: {integrity: sha512-G4xu89B8FCzav9XU8EjsXacCKSG2FT7wW9J6hOc18soEHJdtWu03L3TQDGf0geNxfLTtxENKBzMSq9LlbjS8OQ==}
    engines: {node: '>=12'}
    cpu: [arm64]
    os: [android]

  esbuild-darwin-64@0.15.18:
    resolution: {integrity: sha512-2WAvs95uPnVJPuYKP0Eqx+Dl/jaYseZEUUT1sjg97TJa4oBtbAKnPnl3b5M9l51/nbx7+QAEtuummJZW0sBEmg==}
    engines: {node: '>=12'}
    cpu: [x64]
    os: [darwin]

  esbuild-darwin-arm64@0.15.18:
    resolution: {integrity: sha512-tKPSxcTJ5OmNb1btVikATJ8NftlyNlc8BVNtyT/UAr62JFOhwHlnoPrhYWz09akBLHI9nElFVfWSTSRsrZiDUA==}
    engines: {node: '>=12'}
    cpu: [arm64]
    os: [darwin]

  esbuild-freebsd-64@0.15.18:
    resolution: {integrity: sha512-TT3uBUxkteAjR1QbsmvSsjpKjOX6UkCstr8nMr+q7zi3NuZ1oIpa8U41Y8I8dJH2fJgdC3Dj3CXO5biLQpfdZA==}
    engines: {node: '>=12'}
    cpu: [x64]
    os: [freebsd]

  esbuild-freebsd-arm64@0.15.18:
    resolution: {integrity: sha512-R/oVr+X3Tkh+S0+tL41wRMbdWtpWB8hEAMsOXDumSSa6qJR89U0S/PpLXrGF7Wk/JykfpWNokERUpCeHDl47wA==}
    engines: {node: '>=12'}
    cpu: [arm64]
    os: [freebsd]

  esbuild-linux-32@0.15.18:
    resolution: {integrity: sha512-lphF3HiCSYtaa9p1DtXndiQEeQDKPl9eN/XNoBf2amEghugNuqXNZA/ZovthNE2aa4EN43WroO0B85xVSjYkbg==}
    engines: {node: '>=12'}
    cpu: [ia32]
    os: [linux]

  esbuild-linux-64@0.15.18:
    resolution: {integrity: sha512-hNSeP97IviD7oxLKFuii5sDPJ+QHeiFTFLoLm7NZQligur8poNOWGIgpQ7Qf8Balb69hptMZzyOBIPtY09GZYw==}
    engines: {node: '>=12'}
    cpu: [x64]
    os: [linux]

  esbuild-linux-arm64@0.15.18:
    resolution: {integrity: sha512-54qr8kg/6ilcxd+0V3h9rjT4qmjc0CccMVWrjOEM/pEcUzt8X62HfBSeZfT2ECpM7104mk4yfQXkosY8Quptug==}
    engines: {node: '>=12'}
    cpu: [arm64]
    os: [linux]

  esbuild-linux-arm@0.15.18:
    resolution: {integrity: sha512-UH779gstRblS4aoS2qpMl3wjg7U0j+ygu3GjIeTonCcN79ZvpPee12Qun3vcdxX+37O5LFxz39XeW2I9bybMVA==}
    engines: {node: '>=12'}
    cpu: [arm]
    os: [linux]

  esbuild-linux-mips64le@0.15.18:
    resolution: {integrity: sha512-Mk6Ppwzzz3YbMl/ZZL2P0q1tnYqh/trYZ1VfNP47C31yT0K8t9s7Z077QrDA/guU60tGNp2GOwCQnp+DYv7bxQ==}
    engines: {node: '>=12'}
    cpu: [mips64el]
    os: [linux]

  esbuild-linux-ppc64le@0.15.18:
    resolution: {integrity: sha512-b0XkN4pL9WUulPTa/VKHx2wLCgvIAbgwABGnKMY19WhKZPT+8BxhZdqz6EgkqCLld7X5qiCY2F/bfpUUlnFZ9w==}
    engines: {node: '>=12'}
    cpu: [ppc64]
    os: [linux]

  esbuild-linux-riscv64@0.15.18:
    resolution: {integrity: sha512-ba2COaoF5wL6VLZWn04k+ACZjZ6NYniMSQStodFKH/Pu6RxzQqzsmjR1t9QC89VYJxBeyVPTaHuBMCejl3O/xg==}
    engines: {node: '>=12'}
    cpu: [riscv64]
    os: [linux]

  esbuild-linux-s390x@0.15.18:
    resolution: {integrity: sha512-VbpGuXEl5FCs1wDVp93O8UIzl3ZrglgnSQ+Hu79g7hZu6te6/YHgVJxCM2SqfIila0J3k0csfnf8VD2W7u2kzQ==}
    engines: {node: '>=12'}
    cpu: [s390x]
    os: [linux]

  esbuild-netbsd-64@0.15.18:
    resolution: {integrity: sha512-98ukeCdvdX7wr1vUYQzKo4kQ0N2p27H7I11maINv73fVEXt2kyh4K4m9f35U1K43Xc2QGXlzAw0K9yoU7JUjOg==}
    engines: {node: '>=12'}
    cpu: [x64]
    os: [netbsd]

  esbuild-openbsd-64@0.15.18:
    resolution: {integrity: sha512-yK5NCcH31Uae076AyQAXeJzt/vxIo9+omZRKj1pauhk3ITuADzuOx5N2fdHrAKPxN+zH3w96uFKlY7yIn490xQ==}
    engines: {node: '>=12'}
    cpu: [x64]
    os: [openbsd]

  esbuild-sunos-64@0.15.18:
    resolution: {integrity: sha512-On22LLFlBeLNj/YF3FT+cXcyKPEI263nflYlAhz5crxtp3yRG1Ugfr7ITyxmCmjm4vbN/dGrb/B7w7U8yJR9yw==}
    engines: {node: '>=12'}
    cpu: [x64]
    os: [sunos]

  esbuild-windows-32@0.15.18:
    resolution: {integrity: sha512-o+eyLu2MjVny/nt+E0uPnBxYuJHBvho8vWsC2lV61A7wwTWC3jkN2w36jtA+yv1UgYkHRihPuQsL23hsCYGcOQ==}
    engines: {node: '>=12'}
    cpu: [ia32]
    os: [win32]

  esbuild-windows-64@0.15.18:
    resolution: {integrity: sha512-qinug1iTTaIIrCorAUjR0fcBk24fjzEedFYhhispP8Oc7SFvs+XeW3YpAKiKp8dRpizl4YYAhxMjlftAMJiaUw==}
    engines: {node: '>=12'}
    cpu: [x64]
    os: [win32]

  esbuild-windows-arm64@0.15.18:
    resolution: {integrity: sha512-q9bsYzegpZcLziq0zgUi5KqGVtfhjxGbnksaBFYmWLxeV/S1fK4OLdq2DFYnXcLMjlZw2L0jLsk1eGoB522WXQ==}
    engines: {node: '>=12'}
    cpu: [arm64]
    os: [win32]

  esbuild@0.15.18:
    resolution: {integrity: sha512-x/R72SmW3sSFRm5zrrIjAhCeQSAWoni3CmHEqfQrZIQTM3lVCdehdwuIqaOtfC2slvpdlLa62GYoN8SxT23m6Q==}
    engines: {node: '>=12'}
    hasBin: true

  estree-walker@2.0.2:
    resolution: {integrity: sha512-Rfkk/Mp/DL7JVje3u18FxFujQlTNR2q6QfMSMB7AvCBx91NGj/ba3kCfza0f6dVDbw7YlRf/nDrn7pQrCCyQ/w==}

  extract-files@9.0.0:
    resolution: {integrity: sha512-CvdFfHkC95B4bBBk36hcEmvdR2awOdhhVUYH6S/zrVj3477zven/fJMYg7121h4T1xHZC+tetUpubpAhxwI7hQ==}
    engines: {node: ^10.17.0 || ^12.0.0 || >= 13.7.0}

  fill-range@7.0.1:
    resolution: {integrity: sha512-qOo9F+dMUmC2Lcb4BbVvnKJxTPjCm+RRpe4gDuGrzkL7mEVl/djYSu2OdQ2Pa302N4oqkSg9ir6jaLWJ2USVpQ==}
    engines: {node: '>=8'}

  form-data@3.0.1:
    resolution: {integrity: sha512-RHkBKtLWUVwd7SqRIvCZMEvAMoGUp0XU+seQiZejj0COz3RI3hWP4sCv3gZWWLjJTd7rGwcsF5eKZGii0r/hbg==}
    engines: {node: '>= 6'}

  fsevents@2.3.3:
    resolution: {integrity: sha512-5xoDfX+fL7faATnagmWPpbFtwh/R77WmMMqqHGS65C3vvB0YHrgF+B1YmZ3441tMj5n63k0212XNoJwzlhffQw==}
    engines: {node: ^8.16.0 || ^10.6.0 || >=11.0.0}
    os: [darwin]

  glob-parent@5.1.2:
    resolution: {integrity: sha512-AOIgSQCepiJYwP3ARnGx+5VnTu2HBYdzbGP45eLw1vr3zB3vZLeyed1sC9hnbcOc9/SrMyM5RPQrkGz4aS9Zow==}
    engines: {node: '>= 6'}

  global@4.4.0:
    resolution: {integrity: sha512-wv/LAoHdRE3BeTGz53FAamhGlPLhlssK45usmGFThIi4XqnBmjKQ16u+RNbP7WvigRZDxUsM0J3gcQ5yicaL0w==}

  graphql-request@5.2.0:
    resolution: {integrity: sha512-pLhKIvnMyBERL0dtFI3medKqWOz/RhHdcgbZ+hMMIb32mEPa5MJSzS4AuXxfI4sRAu6JVVk5tvXuGfCWl9JYWQ==}
    peerDependencies:
      graphql: 14 - 16

  graphql@16.8.1:
    resolution: {integrity: sha512-59LZHPdGZVh695Ud9lRzPBVTtlX9ZCV150Er2W43ro37wVof0ctenSaskPPjN7lVTIN8mSZt8PHUNKZuNQUuxw==}
    engines: {node: ^12.22.0 || ^14.16.0 || ^16.0.0 || >=17.0.0}

  has@1.0.4:
    resolution: {integrity: sha512-qdSAmqLF6209RFj4VVItywPMbm3vWylknmB3nvNiUIs72xAimcM8nVYxYr7ncvZq5qzk9MKIZR8ijqD/1QuYjQ==}
    engines: {node: '>= 0.4.0'}

  immutable@4.3.4:
    resolution: {integrity: sha512-fsXeu4J4i6WNWSikpI88v/PcVflZz+6kMhUfIwc5SY+poQRPnaf5V7qds6SUyUN3cVxEzuCab7QIoLOQ+DQ1wA==}

  individual@2.0.0:
    resolution: {integrity: sha512-pWt8hBCqJsUWI/HtcfWod7+N9SgAqyPEaF7JQjwzjn5vGrpg6aQ5qeAFQ7dx//UH4J1O+7xqew+gCeeFt6xN/g==}

  is-binary-path@2.1.0:
    resolution: {integrity: sha512-ZMERYes6pDydyuGidse7OsHxtbI7WVeUEozgR/g7rd0xUimYNlvZRE/K2MgZTjWy725IfelLeVcEM97mmtRGXw==}
    engines: {node: '>=8'}

  is-core-module@2.13.0:
    resolution: {integrity: sha512-Z7dk6Qo8pOCp3l4tsX2C5ZVas4V+UxwQodwZhLopL91TX8UyyHEXafPcyoeeWuLrwzHcr3igO78wNLwHJHsMCQ==}

  is-extglob@2.1.1:
    resolution: {integrity: sha512-SbKbANkN603Vi4jEZv49LeVJMn4yGwsbzZworEoyEiutsN3nJYdbO36zfhGJ6QEDpOZIFkDtnq5JRxmvl3jsoQ==}
    engines: {node: '>=0.10.0'}

  is-function@1.0.2:
    resolution: {integrity: sha512-lw7DUp0aWXYg+CBCN+JKkcE0Q2RayZnSvnZBlwgxHBQhqt5pZNVy4Ri7H9GmmXkdu7LUthszM+Tor1u/2iBcpQ==}

  is-glob@4.0.3:
    resolution: {integrity: sha512-xelSayHH36ZgE7ZWhli7pW34hNbNl8Ojv5KVmkJD4hBdD3th8Tfk9vYasLM+mXWOZhFkgZfxhLSnrwRr4elSSg==}
    engines: {node: '>=0.10.0'}

  is-number@7.0.0:
    resolution: {integrity: sha512-41Cifkg6e8TylSpdtTpeLVMqvSBEVzTttHvERD741+pnZ8ANv0004MRL43QKPDlK9cGvNp6NZWZUBlbGXYxxng==}
    engines: {node: '>=0.12.0'}

  keycode@2.2.1:
    resolution: {integrity: sha512-Rdgz9Hl9Iv4QKi8b0OlCRQEzp4AgVxyCtz5S/+VIHezDmrDhkp2N2TqBWOLz0/gbeREXOOiI9/4b8BY9uw2vFg==}

  lru-cache@6.0.0:
    resolution: {integrity: sha512-Jo6dJ04CmSjuznwJSS3pUeWmd/H0ffTlkXXgwZi+eq1UCmqQwCh+eLsYOYCwY991i2Fah4h1BEMCx4qThGbsiA==}
    engines: {node: '>=10'}

  m3u8-parser@4.8.0:
    resolution: {integrity: sha512-UqA2a/Pw3liR6Df3gwxrqghCP17OpPlQj6RBPLYygf/ZSQ4MoSgvdvhvt35qV+3NaaA0FSZx93Ix+2brT1U7cA==}

  magic-string@0.30.4:
    resolution: {integrity: sha512-Q/TKtsC5BPm0kGqgBIF9oXAs/xEf2vRKiIB4wCRQTJOQIByZ1d+NnUOotvJOvNpi5RNIgVOMC3pOuaP1ZTDlVg==}
    engines: {node: '>=12'}

  mime-db@1.52.0:
    resolution: {integrity: sha512-sPU4uV7dYlvtWJxwwxHD0PuihVNiE7TyAbQ5SWxDCB9mUYvOgroQOwYQQOKPJ8CIbE+1ETVlOoK1UC2nU3gYvg==}
    engines: {node: '>= 0.6'}

  mime-types@2.1.35:
    resolution: {integrity: sha512-ZDY+bPm5zTTF+YpCrAU9nK0UgICYPT0QtT1NZWFv4s++TNkcgVaT0g6+4R2uI4MjQjzysHB1zxuWL50hzaeXiw==}
    engines: {node: '>= 0.6'}

  min-document@2.19.0:
    resolution: {integrity: sha512-9Wy1B3m3f66bPPmU5hdA4DR4PB2OfDU/+GS3yAB7IQozE3tqXaVv2zOjgla7MEGSRv95+ILmOuvhLkOK6wJtCQ==}

  mpd-parser@0.22.1:
    resolution: {integrity: sha512-fwBebvpyPUU8bOzvhX0VQZgSohncbgYwUyJJoTSNpmy7ccD2ryiCvM7oRkn/xQH5cv73/xU7rJSNCLjdGFor0Q==}
    hasBin: true

  mux-embed@4.28.1:
    resolution: {integrity: sha512-fDJK0Dn3nSqRkLj5LUyjVmFGJt4cWq0/WFq75eP+PMF1cU3lemgKkBVYkTTzx3TUDTuebW+1LZ80r9OTcSa+wQ==}

  mux.js@6.0.1:
    resolution: {integrity: sha512-22CHb59rH8pWGcPGW5Og7JngJ9s+z4XuSlYvnxhLuc58cA1WqGDQPzuG8I+sPm1/p0CdgpzVTaKW408k5DNn8w==}
    engines: {node: '>=8', npm: '>=5'}
    hasBin: true

  nanoid@3.3.6:
    resolution: {integrity: sha512-BGcqMMJuToF7i1rt+2PWSNVnWIkGCU78jBG3RxO/bZlnZPK2Cmi2QaffxGO/2RvWi9sL+FAiRiXMgsyxQ1DIDA==}
    engines: {node: ^10 || ^12 || ^13.7 || ^14 || >=15.0.1}
    hasBin: true

  node-fetch@2.7.0:
    resolution: {integrity: sha512-c4FRfUm/dbcWZ7U+1Wq0AwCyFL+3nt2bEw05wfxSz+DWpWsitgmSgYmy2dQdWyKC1694ELPqMs/YzUSNozLt8A==}
    engines: {node: 4.x || >=6.0.0}
    peerDependencies:
      encoding: ^0.1.0
    peerDependenciesMeta:
      encoding:
        optional: true

  normalize-path@3.0.0:
    resolution: {integrity: sha512-6eZs5Ls3WtCisHWp9S2GUy8dqkpGi4BVSz3GaqiE6ezub0512ESztXUwUB6C6IKbQkY2Pnb/mD4WYojCRwcwLA==}
    engines: {node: '>=0.10.0'}

  path-parse@1.0.7:
    resolution: {integrity: sha512-LDJzPVEEEPR+y48z93A0Ed0yXb8pAByGWo/k5YYdYgpY2/2EsOsksJrq7lOHxryrVOn1ejG6oAp8ahvOIQD8sw==}

  picocolors@1.0.0:
    resolution: {integrity: sha512-1fygroTLlHu66zi26VoTDv8yRgm0Fccecssto+MhsZ0D/DGW2sm8E8AjW7NU5VVTRt5GxbeZ5qBuJr+HyLYkjQ==}

  picomatch@2.3.1:
    resolution: {integrity: sha512-JU3teHTNjmE2VCGFzuY8EXzCDVwEqB2a8fsIvwaStHhAWJEeVd1o1QD80CU6+ZdEXXSLbSsuLwJjkCBWqRQUVA==}
    engines: {node: '>=8.6'}

  pkcs7@1.0.4:
    resolution: {integrity: sha512-afRERtHn54AlwaF2/+LFszyAANTCggGilmcmILUzEjvs3XgFZT+xE6+QWQcAGmu4xajy+Xtj7acLOPdx5/eXWQ==}
    hasBin: true

  postcss@8.4.31:
    resolution: {integrity: sha512-PS08Iboia9mts/2ygV3eLpY5ghnUcfLV/EXTOW1E2qYxJKGGBUtNjN76FYHnMs36RmARn41bC0AZmn+rR0OVpQ==}
    engines: {node: ^10 || ^12 || >=14}

  prettier@2.8.8:
    resolution: {integrity: sha512-tdN8qQGvNjw4CHbY+XXk0JgCXn9QiF21a55rBe5LJAU+kDyC4WQn4+awm2Xfk2lQMk5fKup9XgzTZtGkjBdP9Q==}
    engines: {node: '>=10.13.0'}
    hasBin: true

  process@0.11.10:
    resolution: {integrity: sha512-cdGef/drWFoydD1JsMzuFf8100nZl+GT+yacc2bEced5f9Rjk4z+WtFUTBu9PhOi9j/jfmBPu0mMEY4wIdAF8A==}
    engines: {node: '>= 0.6.0'}

  readdirp@3.6.0:
    resolution: {integrity: sha512-hOS089on8RduqdbhvQ5Z37A0ESjsqz6qnRcffsMU3495FuTdqSm+7bhJ29JvIOsBDEEnan5DPu9t3To9VRlMzA==}
    engines: {node: '>=8.10.0'}

  regenerator-runtime@0.14.0:
    resolution: {integrity: sha512-srw17NI0TUWHuGa5CFGGmhfNIeja30WMBfbslPNhf6JrqQlLN5gcrvig1oqPxiVaXb0oW0XRKtH6Nngs5lKCIA==}

  resolve@1.22.6:
    resolution: {integrity: sha512-njhxM7mV12JfufShqGy3Rz8j11RPdLy4xi15UurGJeoHLfJpVXKdh3ueuOqbYUcDZnffr6X739JBo5LzyahEsw==}
    hasBin: true

  rollup@2.79.1:
    resolution: {integrity: sha512-uKxbd0IhMZOhjAiD5oAFp7BqvkA4Dv47qpOCtaNvng4HBwdbWtdOh8f5nZNuk2rp51PMGk3bzfWu5oayNEuYnw==}
    engines: {node: '>=10.0.0'}
    hasBin: true

  rust-result@1.0.0:
    resolution: {integrity: sha512-6cJzSBU+J/RJCF063onnQf0cDUOHs9uZI1oroSGnHOph+CQTIJ5Pp2hK5kEQq1+7yE/EEWfulSNXAQ2jikPthA==}

  safe-json-parse@4.0.0:
    resolution: {integrity: sha512-RjZPPHugjK0TOzFrLZ8inw44s9bKox99/0AZW9o/BEQVrJfhI+fIHMErnPyRa89/yRXUUr93q+tiN6zhoVV4wQ==}

  sass@1.69.0:
    resolution: {integrity: sha512-l3bbFpfTOGgQZCLU/gvm1lbsQ5mC/WnLz3djL2v4WCJBDrWm58PO+jgngcGRNnKUh6wSsdm50YaovTqskZ0xDQ==}
    engines: {node: '>=14.0.0'}
    hasBin: true

  semver@7.5.4:
    resolution: {integrity: sha512-1bCSESV6Pv+i21Hvpxp3Dx+pSD8lIPt8uVjRrxAUt/nbswYc+tK6Y2btiULjd4+fnq15PX+nqQDC7Oft7WkwcA==}
    engines: {node: '>=10'}
    hasBin: true

  source-map-js@1.0.2:
    resolution: {integrity: sha512-R0XvVJ9WusLiqTCEiGCmICCMplcCkIwwR11mOSD9CR5u+IXYdiseeEuXCVAjS54zqwkLcPNnmU4OeJ6tUrWhDw==}
    engines: {node: '>=0.10.0'}

  supports-preserve-symlinks-flag@1.0.0:
    resolution: {integrity: sha512-ot0WnXS9fgdkgIcePe6RHNk1WA8+muPa6cSjeR3V8K27q9BB1rTE3R1p7Hv0z1ZyAc8s6Vvv8DIyWf681MAt0w==}
    engines: {node: '>= 0.4'}

  to-fast-properties@2.0.0:
    resolution: {integrity: sha512-/OaKK0xYrs3DmxRYqL/yDc+FxFUVYhDlXMhRmv3z915w2HF1tnN1omB354j8VUGO/hbRzyD6Y3sA7v7GS/ceog==}
    engines: {node: '>=4'}

  to-regex-range@5.0.1:
    resolution: {integrity: sha512-65P7iz6X5yEr1cwcgvQxbbIw7Uk3gOy5dIdtZ4rDveLqhrdJP+Li/Hx6tyK0NEb+2GCyneCMJiGqrADCSNk8sQ==}
    engines: {node: '>=8.0'}

  tr46@0.0.3:
    resolution: {integrity: sha512-N3WMsuqV66lT30CrXNbEjx4GEwlow3v6rr4mCcv6prnfwhS01rkgyFdjPNBYd9br7LpXV1+Emh01fHnq2Gdgrw==}

  typescript@4.9.5:
    resolution: {integrity: sha512-1FXk9E2Hm+QzZQ7z+McJiHL4NW1F2EzMu9Nq9i3zAaGqibafqYwCVU6WyWAuyQRRzOlxou8xZSyXLEN8oKj24g==}
    engines: {node: '>=4.2.0'}
    hasBin: true

  ua-parser-js@1.0.36:
    resolution: {integrity: sha512-znuyCIXzl8ciS3+y3fHJI/2OhQIXbXw9MWC/o3qwyR+RGppjZHrM27CGFSKCJXi2Kctiz537iOu2KnXs1lMQhw==}

  url-toolkit@2.2.5:
    resolution: {integrity: sha512-mtN6xk+Nac+oyJ/PrI7tzfmomRVNFIWKUbG8jdYFt52hxbiReFAXIjYskvu64/dvuW71IcB7lV8l0HvZMac6Jg==}

  video.js@7.21.5:
    resolution: {integrity: sha512-WRq86tXZKrThA9mK+IR+v4tIQVVvnb5LhvL71fD2AX7TxVOPdaeK1X/wyuUruBqWaOG3w2sZXoMY6HF2Jlo9qA==}

  videojs-contrib-quality-levels@2.2.1:
    resolution: {integrity: sha512-cnF6OGGgoC/2nUrbdz54nzPm3BpEZQzMTpyekiX6AXs8imATX2sHbrUz97xXVSHITldk/+d7ZAUrdQYJJTyuug==}
    peerDependencies:
      video.js: ^6 || ^7 || ^8

  videojs-event-tracking@1.0.3:
    resolution: {integrity: sha512-qiTE4knaC8j8aa/mt3y4jdSXaQ9lH9DS9KKU2o4PBxrCrXXNLcb5IVxUuZCE+wyeDjaSbCIMav+BXKLL8K68vA==}

  videojs-font@3.2.0:
    resolution: {integrity: sha512-g8vHMKK2/JGorSfqAZQUmYYNnXmfec4MLhwtEFS+mMs2IDY398GLysy6BH6K+aS1KMNu/xWZ8Sue/X/mdQPliA==}

  videojs-mux@4.16.2:
    resolution: {integrity: sha512-ml41O2WZkHncbAcMVeS8e216GNCQjHlzspAxTgoBSgm1dwCrFO0nk4jZWQa/92vcvbqfAh9i8cubXscLm5R3XA==}

  videojs-vtt.js@0.15.5:
    resolution: {integrity: sha512-yZbBxvA7QMYn15Lr/ZfhhLPrNpI/RmCSCqgIff57GC2gIrV5YfyzLfLyZMj0NnZSAz8syB4N0nHXpZg9MyrMOQ==}

  vite@3.2.11:
    resolution: {integrity: sha512-K/jGKL/PgbIgKCiJo5QbASQhFiV02X9Jh+Qq0AKCRCRKZtOTVi4t6wh75FDpGf2N9rYOnzH87OEFQNaFy6pdxQ==}
    engines: {node: ^14.18.0 || >=16.0.0}
    hasBin: true
    peerDependencies:
      '@types/node': '>= 14'
      less: '*'
      sass: '*'
      stylus: '*'
      sugarss: '*'
      terser: ^5.4.0
    peerDependenciesMeta:
      '@types/node':
        optional: true
      less:
        optional: true
      sass:
        optional: true
      stylus:
        optional: true
      sugarss:
        optional: true
      terser:
        optional: true

  vue-tsc@0.40.13:
    resolution: {integrity: sha512-xzuN3g5PnKfJcNrLv4+mAjteMd5wLm5fRhW0034OfNJZY4WhB07vhngea/XeGn7wNYt16r7syonzvW/54dcNiA==}
    hasBin: true
    peerDependencies:
      typescript: '*'

  vue@3.3.4:
    resolution: {integrity: sha512-VTyEYn3yvIeY1Py0WaYGZsXnz3y5UnGi62GjVEqvEGPl6nxbOrCXbVOTQWBEJUqAyTUk2uJ5JLVnYJ6ZzGbrSw==}

  webcomponents.js@git+https://git@github.com:webcomponents/webcomponentsjs.git#8a2e40557b177e2cca0def2553f84c8269c8f93e:
    resolution: {commit: 8a2e40557b177e2cca0def2553f84c8269c8f93e, repo: git@github.com:webcomponents/webcomponentsjs.git, type: git}
    version: 0.7.24

  webidl-conversions@3.0.1:
    resolution: {integrity: sha512-2JAn3z8AR6rjK8Sm8orRC0h/bcl/DqL7tRPdGZ4I1CjdF+EaMLmYxBHyXuKL849eucPFhvBoxMsflfOb8kxaeQ==}

  whatwg-url@5.0.0:
    resolution: {integrity: sha512-saE57nupxk6v3HY35+jzBwYa0rKSy0XR8JSxZPwgLr7ys0IBzhGviA1/TUGJLmSVqs8pb9AnvICXEuOHLprYTw==}

  yallist@4.0.0:
    resolution: {integrity: sha512-3wdGidZyq5PB084XLES5TpOSRA3wjXAlIWMhum2kRcv/41Sn2emQ0dycQW4uZXLejwKvg6EsvbdlVL+FYEct7A==}

  youbora-adapter-freewheel@6.8.3:
    resolution: {integrity: sha512-2EHGGrTIhd1pZqNhbRX7NYQKGoeCJySnXPZCea9itQThVgMCsdgKEvC9EvdQSJgF1XVM2qASVFMHtkR45+pk7Q==}

  youbora-adapter-videojs@6.8.14:
    resolution: {integrity: sha512-bM24fy346FfVq+ujq8P9mV7KyqrPhleuUljSt32A0ZdbC3iDYlIgTHECnvAp+qAe+NHacib4Rc3ZNnbjJXPzEw==}

  youboralib@6.8.50:
    resolution: {integrity: sha512-Y/ZsHA2eqG2FeYV691gLjC6QhWoan+da4r/t4DvfCd4a6l+s08eFip709ZwFjFDxavPhPYlcqqn+7aycay2kbQ==}

snapshots:

  '@babel/helper-string-parser@7.22.5': {}

  '@babel/helper-validator-identifier@7.22.20': {}

  '@babel/parser@7.23.0':
    dependencies:
      '@babel/types': 7.23.0

  '@babel/runtime@7.23.1':
    dependencies:
      regenerator-runtime: 0.14.0

  '@babel/types@7.23.0':
    dependencies:
      '@babel/helper-string-parser': 7.22.5
      '@babel/helper-validator-identifier': 7.22.20
      to-fast-properties: 2.0.0

  '@esbuild/android-arm@0.15.18':
    optional: true

  '@esbuild/linux-loong64@0.15.18':
    optional: true

  '@graphql-typed-document-node/core@3.2.0(graphql@16.8.1)':
    dependencies:
      graphql: 16.8.1

  '@jridgewell/sourcemap-codec@1.4.15': {}

  '@silvermine/videojs-chromecast@1.4.1(video.js@7.21.5)':
    dependencies:
      video.js: 7.21.5
      webcomponents.js: git+https://git@github.com:webcomponents/webcomponentsjs.git#8a2e40557b177e2cca0def2553f84c8269c8f93e

  '@types/node@18.18.4': {}

  '@types/ua-parser-js@0.7.37': {}

  '@types/video.js@7.3.53': {}

  '@videojs/http-streaming@2.16.2(video.js@7.21.5)':
    dependencies:
      '@babel/runtime': 7.23.1
      '@videojs/vhs-utils': 3.0.5
      aes-decrypter: 3.1.3
      global: 4.4.0
      m3u8-parser: 4.8.0
      mpd-parser: 0.22.1
      mux.js: 6.0.1
      video.js: 7.21.5

  '@videojs/vhs-utils@3.0.5':
    dependencies:
      '@babel/runtime': 7.23.1
      global: 4.4.0
      url-toolkit: 2.2.5

  '@videojs/xhr@2.6.0':
    dependencies:
      '@babel/runtime': 7.23.1
      global: 4.4.0
      is-function: 1.0.2

  '@vitejs/plugin-vue@3.2.0(vite@3.2.11(@types/node@18.18.4)(sass@1.69.0))(vue@3.3.4)':
    dependencies:
      vite: 3.2.11(@types/node@18.18.4)(sass@1.69.0)
      vue: 3.3.4

  '@volar/code-gen@0.40.13':
    dependencies:
      '@volar/source-map': 0.40.13

  '@volar/source-map@0.40.13':
    dependencies:
      '@vue/reactivity': 3.2.38

  '@volar/typescript-faster@0.40.13':
    dependencies:
      semver: 7.5.4

  '@volar/vue-language-core@0.40.13':
    dependencies:
      '@volar/code-gen': 0.40.13
      '@volar/source-map': 0.40.13
      '@vue/compiler-core': 3.3.4
      '@vue/compiler-dom': 3.3.4
      '@vue/compiler-sfc': 3.3.4
      '@vue/reactivity': 3.3.4
      '@vue/shared': 3.3.4

  '@volar/vue-typescript@0.40.13':
    dependencies:
      '@volar/code-gen': 0.40.13
      '@volar/typescript-faster': 0.40.13
      '@volar/vue-language-core': 0.40.13

  '@vue/compiler-core@3.3.4':
    dependencies:
      '@babel/parser': 7.23.0
      '@vue/shared': 3.3.4
      estree-walker: 2.0.2
      source-map-js: 1.0.2

  '@vue/compiler-dom@3.3.4':
    dependencies:
      '@vue/compiler-core': 3.3.4
      '@vue/shared': 3.3.4

  '@vue/compiler-sfc@3.3.4':
    dependencies:
      '@babel/parser': 7.23.0
      '@vue/compiler-core': 3.3.4
      '@vue/compiler-dom': 3.3.4
      '@vue/compiler-ssr': 3.3.4
      '@vue/reactivity-transform': 3.3.4
      '@vue/shared': 3.3.4
      estree-walker: 2.0.2
      magic-string: 0.30.4
      postcss: 8.4.31
      source-map-js: 1.0.2

  '@vue/compiler-ssr@3.3.4':
    dependencies:
      '@vue/compiler-dom': 3.3.4
      '@vue/shared': 3.3.4

  '@vue/reactivity-transform@3.3.4':
    dependencies:
      '@babel/parser': 7.23.0
      '@vue/compiler-core': 3.3.4
      '@vue/shared': 3.3.4
      estree-walker: 2.0.2
      magic-string: 0.30.4

  '@vue/reactivity@3.2.38':
    dependencies:
      '@vue/shared': 3.2.38

  '@vue/reactivity@3.3.4':
    dependencies:
      '@vue/shared': 3.3.4

  '@vue/runtime-core@3.3.4':
    dependencies:
      '@vue/reactivity': 3.3.4
      '@vue/shared': 3.3.4

  '@vue/runtime-dom@3.3.4':
    dependencies:
      '@vue/runtime-core': 3.3.4
      '@vue/shared': 3.3.4
      csstype: 3.1.2

  '@vue/server-renderer@3.3.4(vue@3.3.4)':
    dependencies:
      '@vue/compiler-ssr': 3.3.4
      '@vue/shared': 3.3.4
      vue: 3.3.4

  '@vue/shared@3.2.38': {}

  '@vue/shared@3.3.4': {}

  '@xmldom/xmldom@0.8.10': {}

  aes-decrypter@3.1.3:
    dependencies:
      '@babel/runtime': 7.23.1
      '@videojs/vhs-utils': 3.0.5
      global: 4.4.0
      pkcs7: 1.0.4

  anymatch@3.1.3:
    dependencies:
      normalize-path: 3.0.0
      picomatch: 2.3.1

  asynckit@0.4.0: {}

  binary-extensions@2.2.0: {}

  braces@3.0.2:
    dependencies:
      fill-range: 7.0.1

  chokidar@3.5.3:
    dependencies:
      anymatch: 3.1.3
      braces: 3.0.2
      glob-parent: 5.1.2
      is-binary-path: 2.1.0
      is-glob: 4.0.3
      normalize-path: 3.0.0
      readdirp: 3.6.0
    optionalDependencies:
      fsevents: 2.3.3

  combined-stream@1.0.8:
    dependencies:
      delayed-stream: 1.0.0

  cross-fetch@3.1.8:
    dependencies:
      node-fetch: 2.7.0
    transitivePeerDependencies:
      - encoding

  csstype@3.1.2: {}

  delayed-stream@1.0.0: {}

  dom-walk@0.1.2: {}

  esbuild-android-64@0.15.18:
    optional: true

  esbuild-android-arm64@0.15.18:
    optional: true

  esbuild-darwin-64@0.15.18:
    optional: true

  esbuild-darwin-arm64@0.15.18:
    optional: true

  esbuild-freebsd-64@0.15.18:
    optional: true

  esbuild-freebsd-arm64@0.15.18:
    optional: true

  esbuild-linux-32@0.15.18:
    optional: true

  esbuild-linux-64@0.15.18:
    optional: true

  esbuild-linux-arm64@0.15.18:
    optional: true

  esbuild-linux-arm@0.15.18:
    optional: true

  esbuild-linux-mips64le@0.15.18:
    optional: true

  esbuild-linux-ppc64le@0.15.18:
    optional: true

  esbuild-linux-riscv64@0.15.18:
    optional: true

  esbuild-linux-s390x@0.15.18:
    optional: true

  esbuild-netbsd-64@0.15.18:
    optional: true

  esbuild-openbsd-64@0.15.18:
    optional: true

  esbuild-sunos-64@0.15.18:
    optional: true

  esbuild-windows-32@0.15.18:
    optional: true

  esbuild-windows-64@0.15.18:
    optional: true

  esbuild-windows-arm64@0.15.18:
    optional: true

  esbuild@0.15.18:
    optionalDependencies:
      '@esbuild/android-arm': 0.15.18
      '@esbuild/linux-loong64': 0.15.18
      esbuild-android-64: 0.15.18
      esbuild-android-arm64: 0.15.18
      esbuild-darwin-64: 0.15.18
      esbuild-darwin-arm64: 0.15.18
      esbuild-freebsd-64: 0.15.18
      esbuild-freebsd-arm64: 0.15.18
      esbuild-linux-32: 0.15.18
      esbuild-linux-64: 0.15.18
      esbuild-linux-arm: 0.15.18
      esbuild-linux-arm64: 0.15.18
      esbuild-linux-mips64le: 0.15.18
      esbuild-linux-ppc64le: 0.15.18
      esbuild-linux-riscv64: 0.15.18
      esbuild-linux-s390x: 0.15.18
      esbuild-netbsd-64: 0.15.18
      esbuild-openbsd-64: 0.15.18
      esbuild-sunos-64: 0.15.18
      esbuild-windows-32: 0.15.18
      esbuild-windows-64: 0.15.18
      esbuild-windows-arm64: 0.15.18

  estree-walker@2.0.2: {}

  extract-files@9.0.0: {}

  fill-range@7.0.1:
    dependencies:
      to-regex-range: 5.0.1

  form-data@3.0.1:
    dependencies:
      asynckit: 0.4.0
      combined-stream: 1.0.8
      mime-types: 2.1.35

  fsevents@2.3.3:
    optional: true

  glob-parent@5.1.2:
    dependencies:
      is-glob: 4.0.3

  global@4.4.0:
    dependencies:
      min-document: 2.19.0
      process: 0.11.10

  graphql-request@5.2.0(graphql@16.8.1):
    dependencies:
      '@graphql-typed-document-node/core': 3.2.0(graphql@16.8.1)
      cross-fetch: 3.1.8
      extract-files: 9.0.0
      form-data: 3.0.1
      graphql: 16.8.1
    transitivePeerDependencies:
      - encoding

  graphql@16.8.1: {}

  has@1.0.4: {}

  immutable@4.3.4: {}

  individual@2.0.0: {}

  is-binary-path@2.1.0:
    dependencies:
      binary-extensions: 2.2.0

  is-core-module@2.13.0:
    dependencies:
      has: 1.0.4

  is-extglob@2.1.1: {}

  is-function@1.0.2: {}

  is-glob@4.0.3:
    dependencies:
      is-extglob: 2.1.1

  is-number@7.0.0: {}

  keycode@2.2.1: {}

  lru-cache@6.0.0:
    dependencies:
      yallist: 4.0.0

  m3u8-parser@4.8.0:
    dependencies:
      '@babel/runtime': 7.23.1
      '@videojs/vhs-utils': 3.0.5
      global: 4.4.0

  magic-string@0.30.4:
    dependencies:
      '@jridgewell/sourcemap-codec': 1.4.15

  mime-db@1.52.0: {}

  mime-types@2.1.35:
    dependencies:
      mime-db: 1.52.0

  min-document@2.19.0:
    dependencies:
      dom-walk: 0.1.2

  mpd-parser@0.22.1:
    dependencies:
      '@babel/runtime': 7.23.1
      '@videojs/vhs-utils': 3.0.5
      '@xmldom/xmldom': 0.8.10
      global: 4.4.0

  mux-embed@4.28.1: {}

  mux.js@6.0.1:
    dependencies:
      '@babel/runtime': 7.23.1
      global: 4.4.0

  nanoid@3.3.6: {}

  node-fetch@2.7.0:
    dependencies:
      whatwg-url: 5.0.0

  normalize-path@3.0.0: {}

  path-parse@1.0.7: {}

  picocolors@1.0.0: {}

  picomatch@2.3.1: {}

  pkcs7@1.0.4:
    dependencies:
      '@babel/runtime': 7.23.1

  postcss@8.4.31:
    dependencies:
      nanoid: 3.3.6
      picocolors: 1.0.0
      source-map-js: 1.0.2

  prettier@2.8.8: {}

  process@0.11.10: {}

  readdirp@3.6.0:
    dependencies:
      picomatch: 2.3.1

  regenerator-runtime@0.14.0: {}

  resolve@1.22.6:
    dependencies:
      is-core-module: 2.13.0
      path-parse: 1.0.7
      supports-preserve-symlinks-flag: 1.0.0

  rollup@2.79.1:
    optionalDependencies:
      fsevents: 2.3.3

  rust-result@1.0.0:
    dependencies:
      individual: 2.0.0

  safe-json-parse@4.0.0:
    dependencies:
      rust-result: 1.0.0

  sass@1.69.0:
    dependencies:
      chokidar: 3.5.3
      immutable: 4.3.4
      source-map-js: 1.0.2

  semver@7.5.4:
    dependencies:
      lru-cache: 6.0.0

  source-map-js@1.0.2: {}

  supports-preserve-symlinks-flag@1.0.0: {}

  to-fast-properties@2.0.0: {}

  to-regex-range@5.0.1:
    dependencies:
      is-number: 7.0.0

  tr46@0.0.3: {}

  typescript@4.9.5: {}

  ua-parser-js@1.0.36: {}

  url-toolkit@2.2.5: {}

  video.js@7.21.5:
    dependencies:
      '@babel/runtime': 7.23.1
      '@videojs/http-streaming': 2.16.2(video.js@7.21.5)
      '@videojs/vhs-utils': 3.0.5
      '@videojs/xhr': 2.6.0
      aes-decrypter: 3.1.3
      global: 4.4.0
      keycode: 2.2.1
      m3u8-parser: 4.8.0
      mpd-parser: 0.22.1
      mux.js: 6.0.1
      safe-json-parse: 4.0.0
      videojs-font: 3.2.0
      videojs-vtt.js: 0.15.5

  videojs-contrib-quality-levels@2.2.1(video.js@7.21.5):
    dependencies:
      global: 4.4.0
      video.js: 7.21.5

  videojs-event-tracking@1.0.3:
    dependencies:
      video.js: 7.21.5

  videojs-font@3.2.0: {}

  videojs-mux@4.16.2:
    dependencies:
      mux-embed: 4.28.1

  videojs-vtt.js@0.15.5:
    dependencies:
      global: 4.4.0

  vite@3.2.11(@types/node@18.18.4)(sass@1.69.0):
    dependencies:
      esbuild: 0.15.18
      postcss: 8.4.31
      resolve: 1.22.6
      rollup: 2.79.1
    optionalDependencies:
      '@types/node': 18.18.4
      fsevents: 2.3.3
      sass: 1.69.0

  vue-tsc@0.40.13(typescript@4.9.5):
    dependencies:
      '@volar/vue-language-core': 0.40.13
      '@volar/vue-typescript': 0.40.13
      typescript: 4.9.5

  vue@3.3.4:
    dependencies:
      '@vue/compiler-dom': 3.3.4
      '@vue/compiler-sfc': 3.3.4
      '@vue/runtime-dom': 3.3.4
      '@vue/server-renderer': 3.3.4(vue@3.3.4)
      '@vue/shared': 3.3.4

  webcomponents.js@git+https://git@github.com:webcomponents/webcomponentsjs.git#8a2e40557b177e2cca0def2553f84c8269c8f93e: {}

  webidl-conversions@3.0.1: {}

  whatwg-url@5.0.0:
    dependencies:
      tr46: 0.0.3
      webidl-conversions: 3.0.1

  yallist@4.0.0: {}

  youbora-adapter-freewheel@6.8.3:
    dependencies:
      youboralib: 6.8.50

  youbora-adapter-videojs@6.8.14:
    dependencies:
      youbora-adapter-freewheel: 6.8.3
      youboralib: 6.8.50

  youboralib@6.8.50: {}
